
Microsoft Visual Studio Solution File, Format Version 12.00
# Visual Studio Version 17
VisualStudioVersion = 17.5.33530.505
MinimumVisualStudioVersion = 10.0.40219.1
Project("{9A19103F-16F7-4668-BE54-9A1E7A4F7556}") = "TheCompleteMustangGuide.Web", "TheCompleteMustangGuide\TheCompleteMustangGuide.Web.csproj", "{C3EABA8F-062D-4E29-8184-6243136BA3EC}"
EndProject
Project("{9A19103F-16F7-4668-BE54-9A1E7A4F7556}") = "TheCompleteMustangGuide.Core", "TheCompleteMustangGuide.Core\TheCompleteMustangGuide.Core.csproj", "{4254DBD3-85A9-4418-B1D3-6091BEDBBFD5}"
EndProject
Project("{FAE04EC0-301F-11D3-BF4B-00C04F79EFBC}") = "TheCompleteMustangGuide.SharedKernel", "TheCompleteMustangGuide.SharedKernel\TheCompleteMustangGuide.SharedKernel.csproj", "{B11584B5-0BA6-4ACA-931F-D5A45BBAD7AE}"
EndProject
Global
	GlobalSection(SolutionConfigurationPlatforms) = preSolution
		Debug|Any CPU = Debug|Any CPU
		Release|Any CPU = Release|Any CPU
	EndGlobalSection
	GlobalSection(ProjectConfigurationPlatforms) = postSolution
		{C3EABA8F-062D-4E29-8184-6243136BA3EC}.Debug|Any CPU.ActiveCfg = Debug|Any CPU
		{C3EABA8F-062D-4E29-8184-6243136BA3EC}.Debug|Any CPU.Build.0 = Debug|Any CPU
		{C3EABA8F-062D-4E29-8184-6243136BA3EC}.Release|Any CPU.ActiveCfg = Release|Any CPU
		{C3EABA8F-062D-4E29-8184-6243136BA3EC}.Release|Any CPU.Build.0 = Release|Any CPU
		{4254DBD3-85A9-4418-B1D3-6091BEDBBFD5}.Debug|Any CPU.ActiveCfg = Debug|Any CPU
		{4254DBD3-85A9-4418-B1D3-6091BEDBBFD5}.Debug|Any CPU.Build.0 = Debug|Any CPU
		{4254DBD3-85A9-4418-B1D3-6091BEDBBFD5}.Release|Any CPU.ActiveCfg = Release|Any CPU
		{4254DBD3-85A9-4418-B1D3-6091BEDBBFD5}.Release|Any CPU.Build.0 = Release|Any CPU
		{B11584B5-0BA6-4ACA-931F-D5A45BBAD7AE}.Debug|Any CPU.ActiveCfg = Debug|Any CPU
		{B11584B5-0BA6-4ACA-931F-D5A45BBAD7AE}.Debug|Any CPU.Build.0 = Debug|Any CPU
		{B11584B5-0BA6-4ACA-931F-D5A45BBAD7AE}.Release|Any CPU.ActiveCfg = Release|Any CPU
		{B11584B5-0BA6-4ACA-931F-D5A45BBAD7AE}.Release|Any CPU.Build.0 = Release|Any CPU
	EndGlobalSection
	GlobalSection(SolutionProperties) = preSolution
		HideSolutionNode = FALSE
	EndGlobalSection
	GlobalSection(ExtensibilityGlobals) = postSolution
		SolutionGuid = {6FAB3464-1633-4DAC-B0E2-6F354F416296}
	EndGlobalSection
EndGlobal
